# This file is automatically @generated by Cargo.
# It is not intended for manual editing.
version = 4

[[package]]
name = "fixture_app"
version = "0.0.0"
dependencies = [
 "fixture_core",
]

[[package]]
name = "fixture_core"
version = "0.0.0"
dependencies = [
 "fixture_macros",
]

[[package]]
name = "fixture_macros"
version = "0.0.0"
